
Microsoft Visual Studio Solution File, Format Version 12.00
# Visual Studio Version 16
VisualStudioVersion = 16.0.31005.135
MinimumVisualStudioVersion = 10.0.40219.1
Project("{FAE04EC0-301F-11D3-BF4B-00C04F79EFBC}") = "Task 1", "Task 1\Task 1.csproj", "{C5C3D679-B43D-4F48-B774-AA8266B07DA9}"
EndProject
Project("{FAE04EC0-301F-11D3-BF4B-00C04F79EFBC}") = "Task 2", "Task 2\Task 2.csproj", "{91B94872-88C8-4E9C-BCBB-906819A445AD}"
EndProject
Project("{FAE04EC0-301F-11D3-BF4B-00C04F79EFBC}") = "Task 3", "Task 3\Task 3.csproj", "{01678EC3-D4C9-401B-93F1-3B12A74A91EB}"
EndProject
Project("{FAE04EC0-301F-11D3-BF4B-00C04F79EFBC}") = "Task 4", "Task 4\Task 4.csproj", "{3FD3C45A-2CCA-4FA0-B856-0F193D05BC2A}"
EndProject
Global
	GlobalSection(SolutionConfigurationPlatforms) = preSolution
		Debug|Any CPU = Debug|Any CPU
		Release|Any CPU = Release|Any CPU
	EndGlobalSection
	GlobalSection(ProjectConfigurationPlatforms) = postSolution
		{C5C3D679-B43D-4F48-B774-AA8266B07DA9}.Debug|Any CPU.ActiveCfg = Debug|Any CPU
		{C5C3D679-B43D-4F48-B774-AA8266B07DA9}.Debug|Any CPU.Build.0 = Debug|Any CPU
		{C5C3D679-B43D-4F48-B774-AA8266B07DA9}.Release|Any CPU.ActiveCfg = Release|Any CPU
		{C5C3D679-B43D-4F48-B774-AA8266B07DA9}.Release|Any CPU.Build.0 = Release|Any CPU
		{91B94872-88C8-4E9C-BCBB-906819A445AD}.Debug|Any CPU.ActiveCfg = Debug|Any CPU
		{91B94872-88C8-4E9C-BCBB-906819A445AD}.Debug|Any CPU.Build.0 = Debug|Any CPU
		{91B94872-88C8-4E9C-BCBB-906819A445AD}.Release|Any CPU.ActiveCfg = Release|Any CPU
		{91B94872-88C8-4E9C-BCBB-906819A445AD}.Release|Any CPU.Build.0 = Release|Any CPU
		{01678EC3-D4C9-401B-93F1-3B12A74A91EB}.Debug|Any CPU.ActiveCfg = Debug|Any CPU
		{01678EC3-D4C9-401B-93F1-3B12A74A91EB}.Debug|Any CPU.Build.0 = Debug|Any CPU
		{01678EC3-D4C9-401B-93F1-3B12A74A91EB}.Release|Any CPU.ActiveCfg = Release|Any CPU
		{01678EC3-D4C9-401B-93F1-3B12A74A91EB}.Release|Any CPU.Build.0 = Release|Any CPU
		{3FD3C45A-2CCA-4FA0-B856-0F193D05BC2A}.Debug|Any CPU.ActiveCfg = Debug|Any CPU
		{3FD3C45A-2CCA-4FA0-B856-0F193D05BC2A}.Debug|Any CPU.Build.0 = Debug|Any CPU
		{3FD3C45A-2CCA-4FA0-B856-0F193D05BC2A}.Release|Any CPU.ActiveCfg = Release|Any CPU
		{3FD3C45A-2CCA-4FA0-B856-0F193D05BC2A}.Release|Any CPU.Build.0 = Release|Any CPU
	EndGlobalSection
	GlobalSection(SolutionProperties) = preSolution
		HideSolutionNode = FALSE
	EndGlobalSection
	GlobalSection(ExtensibilityGlobals) = postSolution
		SolutionGuid = {11A0DEB8-0A64-415B-9E78-26914E495C2A}
	EndGlobalSection
EndGlobal
